
Microsoft Visual Studio Solution File, Format Version 12.00
Project("{FAE04EC0-301F-11D3-BF4B-00C04F79EFBC}") = "teach-02", "teach-02\teach-02.csproj", "{EB34F166-C280-4DD2-B986-FC405EE63F42}"
EndProject
Global
	GlobalSection(SolutionConfigurationPlatforms) = preSolution
		Debug|Any CPU = Debug|Any CPU
		Release|Any CPU = Release|Any CPU
	EndGlobalSection
	GlobalSection(ProjectConfigurationPlatforms) = postSolution
		{EB34F166-C280-4DD2-B986-FC405EE63F42}.Debug|Any CPU.ActiveCfg = Debug|Any CPU
		{EB34F166-C280-4DD2-B986-FC405EE63F42}.Debug|Any CPU.Build.0 = Debug|Any CPU
		{EB34F166-C280-4DD2-B986-FC405EE63F42}.Release|Any CPU.ActiveCfg = Release|Any CPU
		{EB34F166-C280-4DD2-B986-FC405EE63F42}.Release|Any CPU.Build.0 = Release|Any CPU
	EndGlobalSection
EndGlobal
